// !$*UTF8*$!
{
	archiveVersion = 1;
	classes = {
	};
	objectVersion = 50;
	objects = {

/* Begin PBXBuildFile section */
		D39A6552255065EE0032FFF2 /* Main.storyboard in Resources */ = {isa = PBXBuildFile; fileRef = D3BDD1C52549D082008F11FB /* Main.storyboard */; };
		D39A65542550B0670032FFF2 /* PlaySoundsViewController.swift in Sources */ = {isa = PBXBuildFile; fileRef = D39A65532550B0670032FFF2 /* PlaySoundsViewController.swift */; };
		D3BDD1C22549D082008F11FB /* AppDelegate.swift in Sources */ = {isa = PBXBuildFile; fileRef = D3BDD1C12549D082008F11FB /* AppDelegate.swift */; };
		D3BDD1C42549D082008F11FB /* ViewController.swift in Sources */ = {isa = PBXBuildFile; fileRef = D3BDD1C32549D082008F11FB /* ViewController.swift */; };
		D3BDD1C92549D086008F11FB /* Assets.xcassets in Resources */ = {isa = PBXBuildFile; fileRef = D3BDD1C82549D086008F11FB /* Assets.xcassets */; };
		D3BDD1CC2549D086008F11FB /* LaunchScreen.storyboard in Resources */ = {isa = PBXBuildFile; fileRef = D3BDD1CA2549D086008F11FB /* LaunchScreen.storyboard */; };
		D3BDD1D72549D086008F11FB /* Pitch_PerfectTests.swift in Sources */ = {isa = PBXBuildFile; fileRef = D3BDD1D62549D086008F11FB /* Pitch_PerfectTests.swift */; };
		D3BDD1E22549D086008F11FB /* Pitch_PerfectUITests.swift in Sources */ = {isa = PBXBuildFile; fileRef = D3BDD1E12549D086008F11FB /* Pitch_PerfectUITests.swift */; };
		D3DBDE0F2550D3C90062CBD2 /* playsoundsviewcontroller-audio.swift in Sources */ = {isa = PBXBuildFile; fileRef = D3DBDE0E2550D3C80062CBD2 /* playsoundsviewcontroller-audio.swift */; };
/* End PBXBuildFile section */

/* Begin PBXContainerItemProxy section */
		D3BDD1D32549D086008F11FB /* PBXContainerItemProxy */ = {
			isa = PBXContainerItemProxy;
			containerPortal = D3BDD1B62549D082008F11FB /* Project object */;
			proxyType = 1;
			remoteGlobalIDString = D3BDD1BD2549D082008F11FB;
			remoteInfo = "Pitch Perfect";
		};
		D3BDD1DE2549D086008F11FB /* PBXContainerItemProxy */ = {
			isa = PBXContainerItemProxy;
			containerPortal = D3BDD1B62549D082008F11FB /* Project object */;
			proxyType = 1;
			remoteGlobalIDString = D3BDD1BD2549D082008F11FB;
			remoteInfo = "Pitch Perfect";
		};
/* End PBXContainerItemProxy section */

/* Begin PBXFileReference section */
		D39A65532550B0670032FFF2 /* PlaySoundsViewController.swift */ = {isa = PBXFileReference; lastKnownFileType = sourcecode.swift; path = PlaySoundsViewController.swift; sourceTree = "<group>"; };
		D3BDD1BE2549D082008F11FB /* Pitch Perfect.app */ = {isa = PBXFileReference; explicitFileType = wrapper.application; includeInIndex = 0; path = "Pitch Perfect.app"; sourceTree = BUILT_PRODUCTS_DIR; };
		D3BDD1C12549D082008F11FB /* AppDelegate.swift */ = {isa = PBXFileReference; lastKnownFileType = sourcecode.swift; path = AppDelegate.swift; sourceTree = "<group>"; };
		D3BDD1C32549D082008F11FB /* ViewController.swift */ = {isa = PBXFileReference; lastKnownFileType = sourcecode.swift; path = ViewController.swift; sourceTree = "<group>"; };
		D3BDD1C62549D082008F11FB /* Base */ = {isa = PBXFileReference; lastKnownFileType = file.storyboard; name = Base; path = Base.lproj/Main.storyboard; sourceTree = "<group>"; };
		D3BDD1C82549D086008F11FB /* Assets.xcassets */ = {isa = PBXFileReference; lastKnownFileType = folder.assetcatalog; path = Assets.xcassets; sourceTree = "<group>"; };
		D3BDD1CB2549D086008F11FB /* Base */ = {isa = PBXFileReference; lastKnownFileType = file.storyboard; name = Base; path = Base.lproj/LaunchScreen.storyboard; sourceTree = "<group>"; };
		D3BDD1CD2549D086008F11FB /* Info.plist */ = {isa = PBXFileReference; lastKnownFileType = text.plist.xml; path = Info.plist; sourceTree = "<group>"; };
		D3BDD1D22549D086008F11FB /* Pitch PerfectTests.xctest */ = {isa = PBXFileReference; explicitFileType = wrapper.cfbundle; includeInIndex = 0; path = "Pitch PerfectTests.xctest"; sourceTree = BUILT_PRODUCTS_DIR; };
		D3BDD1D62549D086008F11FB /* Pitch_PerfectTests.swift */ = {isa = PBXFileReference; lastKnownFileType = sourcecode.swift; path = Pitch_PerfectTests.swift; sourceTree = "<group>"; };
		D3BDD1D82549D086008F11FB /* Info.plist */ = {isa = PBXFileReference; lastKnownFileType = text.plist.xml; path = Info.plist; sourceTree = "<group>"; };
		D3BDD1DD2549D086008F11FB /* Pitch PerfectUITests.xctest */ = {isa = PBXFileReference; explicitFileType = wrapper.cfbundle; includeInIndex = 0; path = "Pitch PerfectUITests.xctest"; sourceTree = BUILT_PRODUCTS_DIR; };
		D3BDD1E12549D086008F11FB /* Pitch_PerfectUITests.swift */ = {isa = PBXFileReference; lastKnownFileType = sourcecode.swift; path = Pitch_PerfectUITests.swift; sourceTree = "<group>"; };
		D3BDD1E32549D086008F11FB /* Info.plist */ = {isa = PBXFileReference; lastKnownFileType = text.plist.xml; path = Info.plist; sourceTree = "<group>"; };
		D3DBDE0E2550D3C80062CBD2 /* playsoundsviewcontroller-audio.swift */ = {isa = PBXFileReference; fileEncoding = 4; lastKnownFileType = sourcecode.swift; path = "playsoundsviewcontroller-audio.swift"; sourceTree = "<group>"; };
/* End PBXFileReference section */

/* Begin PBXFrameworksBuildPhase section */
		D3BDD1BB2549D082008F11FB /* Frameworks */ = {
			isa = PBXFrameworksBuildPhase;
			buildActionMask = 2147483647;
			files = (
			);
			runOnlyForDeploymentPostprocessing = 0;
		};
		D3BDD1CF2549D086008F11FB /* Frameworks */ = {
			isa = PBXFrameworksBuildPhase;
			buildActionMask = 2147483647;
			files = (
			);
			runOnlyForDeploymentPostprocessing = 0;
		};
		D3BDD1DA2549D086008F11FB /* Frameworks */ = {
			isa = PBXFrameworksBuildPhase;
			buildActionMask = 2147483647;
			files = (
			);
			runOnlyForDeploymentPostprocessing = 0;
		};
/* End PBXFrameworksBuildPhase section */

/* Begin PBXGroup section */
		D3BDD1B52549D082008F11FB = {
			isa = PBXGroup;
			children = (
				D3BDD1C02549D082008F11FB /* Pitch Perfect */,
				D3BDD1D52549D086008F11FB /* Pitch PerfectTests */,
				D3BDD1E02549D086008F11FB /* Pitch PerfectUITests */,
				D3BDD1BF2549D082008F11FB /* Products */,
			);
			sourceTree = "<group>";
		};
		D3BDD1BF2549D082008F11FB /* Products */ = {
			isa = PBXGroup;
			children = (
				D3BDD1BE2549D082008F11FB /* Pitch Perfect.app */,
				D3BDD1D22549D086008F11FB /* Pitch PerfectTests.xctest */,
				D3BDD1DD2549D086008F11FB /* Pitch PerfectUITests.xctest */,
			);
			name = Products;
			sourceTree = "<group>";
		};
		D3BDD1C02549D082008F11FB /* Pitch Perfect */ = {
			isa = PBXGroup;
			children = (
				D3BDD1C12549D082008F11FB /* AppDelegate.swift */,
				D3BDD1C32549D082008F11FB /* ViewController.swift */,
				D3BDD1C52549D082008F11FB /* Main.storyboard */,
				D3BDD1C82549D086008F11FB /* Assets.xcassets */,
				D3BDD1CA2549D086008F11FB /* LaunchScreen.storyboard */,
				D3BDD1CD2549D086008F11FB /* Info.plist */,
				D39A65532550B0670032FFF2 /* PlaySoundsViewController.swift */,
				D3DBDE0E2550D3C80062CBD2 /* playsoundsviewcontroller-audio.swift */,
			);
			path = "Pitch Perfect";
			sourceTree = "<group>";
		};
		D3BDD1D52549D086008F11FB /* Pitch PerfectTests */ = {
			isa = PBXGroup;
			children = (
				D3BDD1D62549D086008F11FB /* Pitch_PerfectTests.swift */,
				D3BDD1D82549D086008F11FB /* Info.plist */,
			);
			path = "Pitch PerfectTests";
			sourceTree = "<group>";
		};
		D3BDD1E02549D086008F11FB /* Pitch PerfectUITests */ = {
			isa = PBXGroup;
			children = (
				D3BDD1E12549D086008F11FB /* Pitch_PerfectUITests.swift */,
				D3BDD1E32549D086008F11FB /* Info.plist */,
			);
			path = "Pitch PerfectUITests";
			sourceTree = "<group>";
		};
/* End PBXGroup section */

/* Begin PBXNativeTarget section */
		D3BDD1BD2549D082008F11FB /* Pitch Perfect */ = {
			isa = PBXNativeTarget;
			buildConfigurationList = D3BDD1E62549D086008F11FB /* Build configuration list for PBXNativeTarget "Pitch Perfect" */;
			buildPhases = (
				D3BDD1BA2549D082008F11FB /* Sources */,
				D3BDD1BB2549D082008F11FB /* Frameworks */,
				D3BDD1BC2549D082008F11FB /* Resources */,
			);
			buildRules = (
			);
			dependencies = (
			);
			name = "Pitch Perfect";
			productName = "Pitch Perfect";
			productReference = D3BDD1BE2549D082008F11FB /* Pitch Perfect.app */;
			productType = "com.apple.product-type.application";
		};
		D3BDD1D12549D086008F11FB /* Pitch PerfectTests */ = {
			isa = PBXNativeTarget;
			buildConfigurationList = D3BDD1E92549D086008F11FB /* Build configuration list for PBXNativeTarget "Pitch PerfectTests" */;
			buildPhases = (
				D3BDD1CE2549D086008F11FB /* Sources */,
				D3BDD1CF2549D086008F11FB /* Frameworks */,
				D3BDD1D02549D086008F11FB /* Resources */,
			);
			buildRules = (
			);
			dependencies = (
				D3BDD1D42549D086008F11FB /* PBXTargetDependency */,
			);
			name = "Pitch PerfectTests";
			productName = "Pitch PerfectTests";
			productReference = D3BDD1D22549D086008F11FB /* Pitch PerfectTests.xctest */;
			productType = "com.apple.product-type.bundle.unit-test";
		};
		D3BDD1DC2549D086008F11FB /* Pitch PerfectUITests */ = {
			isa = PBXNativeTarget;
			buildConfigurationList = D3BDD1EC2549D086008F11FB /* Build configuration list for PBXNativeTarget "Pitch PerfectUITests" */;
			buildPhases = (
				D3BDD1D92549D086008F11FB /* Sources */,
				D3BDD1DA2549D086008F11FB /* Frameworks */,
				D3BDD1DB2549D086008F11FB /* Resources */,
			);
			buildRules = (
			);
			dependencies = (
				D3BDD1DF2549D086008F11FB /* PBXTargetDependency */,
			);
			name = "Pitch PerfectUITests";
			productName = "Pitch PerfectUITests";
			productReference = D3BDD1DD2549D086008F11FB /* Pitch PerfectUITests.xctest */;
			productType = "com.apple.product-type.bundle.ui-testing";
		};
/* End PBXNativeTarget section */

/* Begin PBXProject section */
		D3BDD1B62549D082008F11FB /* Project object */ = {
			isa = PBXProject;
			attributes = {
				LastSwiftUpdateCheck = 1030;
				LastUpgradeCheck = 1030;
				ORGANIZATIONNAME = "Leela Krishna Chaitanya Koravi";
				TargetAttributes = {
					D3BDD1BD2549D082008F11FB = {
						CreatedOnToolsVersion = 10.3;
					};
					D3BDD1D12549D086008F11FB = {
						CreatedOnToolsVersion = 10.3;
						TestTargetID = D3BDD1BD2549D082008F11FB;
					};
					D3BDD1DC2549D086008F11FB = {
						CreatedOnToolsVersion = 10.3;
						TestTargetID = D3BDD1BD2549D082008F11FB;
					};
				};
			};
			buildConfigurationList = D3BDD1B92549D082008F11FB /* Build configuration list for PBXProject "Pitch Perfect" */;
			compatibilityVersion = "Xcode 9.3";
			developmentRegion = en;
			hasScannedForEncodings = 0;
			knownRegions = (
				en,
				Base,
			);
			mainGroup = D3BDD1B52549D082008F11FB;
			productRefGroup = D3BDD1BF2549D082008F11FB /* Products */;
			projectDirPath = "";
			projectRoot = "";
			targets = (
				D3BDD1BD2549D082008F11FB /* Pitch Perfect */,
				D3BDD1D12549D086008F11FB /* Pitch PerfectTests */,
				D3BDD1DC2549D086008F11FB /* Pitch PerfectUITests */,
			);
		};
/* End PBXProject section */

/* Begin PBXResourcesBuildPhase section */
		D3BDD1BC2549D082008F11FB /* Resources */ = {
			isa = PBXResourcesBuildPhase;
			buildActionMask = 2147483647;
			files = (
				D39A6552255065EE0032FFF2 /* Main.storyboard in Resources */,
				D3BDD1CC2549D086008F11FB /* LaunchScreen.storyboard in Resources */,
				D3BDD1C92549D086008F11FB /* Assets.xcassets in Resources */,
			);
			runOnlyForDeploymentPostprocessing = 0;
		};
		D3BDD1D02549D086008F11FB /* Resources */ = {
			isa = PBXResourcesBuildPhase;
			buildActionMask = 2147483647;
			files = (
			);
			runOnlyForDeploymentPostprocessing = 0;
		};
		D3BDD1DB2549D086008F11FB /* Resources */ = {
			isa = PBXResourcesBuildPhase;
			buildActionMask = 2147483647;
			files = (
			);
			runOnlyForDeploymentPostprocessing = 0;
		};
/* End PBXResourcesBuildPhase section */

/* Begin PBXSourcesBuildPhase section */
		D3BDD1BA2549D082008F11FB /* Sources */ = {
			isa = PBXSourcesBuildPhase;
			buildActionMask = 2147483647;
			files = (
				D3BDD1C42549D082008F11FB /* ViewController.swift in Sources */,
				D39A65542550B0670032FFF2 /* PlaySoundsViewController.swift in Sources */,
				D3BDD1C22549D082008F11FB /* AppDelegate.swift in Sources */,
				D3DBDE0F2550D3C90062CBD2 /* playsoundsviewcontroller-audio.swift in Sources */,
			);
			runOnlyForDeploymentPostprocessing = 0;
		};
		D3BDD1CE2549D086008F11FB /* Sources */ = {
			isa = PBXSourcesBuildPhase;
			buildActionMask = 2147483647;
			files = (
				D3BDD1D72549D086008F11FB /* Pitch_PerfectTests.swift in Sources */,
			);
			runOnlyForDeploymentPostprocessing = 0;
		};
		D3BDD1D92549D086008F11FB /* Sources */ = {
			isa = PBXSourcesBuildPhase;
			buildActionMask = 2147483647;
			files = (
				D3BDD1E22549D086008F11FB /* Pitch_PerfectUITests.swift in Sources */,
			);
			runOnlyForDeploymentPostprocessing = 0;
		};
/* End PBXSourcesBuildPhase section */

/* Begin PBXTargetDependency section */
		D3BDD1D42549D086008F11FB /* PBXTargetDependency */ = {
			isa = PBXTargetDependency;
			target = D3BDD1BD2549D082008F11FB /* Pitch Perfect */;
			targetProxy = D3BDD1D32549D086008F11FB /* PBXContainerItemProxy */;
		};
		D3BDD1DF2549D086008F11FB /* PBXTargetDependency */ = {
			isa = PBXTargetDependency;
			target = D3BDD1BD2549D082008F11FB /* Pitch Perfect */;
			targetProxy = D3BDD1DE2549D086008F11FB /* PBXContainerItemProxy */;
		};
/* End PBXTargetDependency section */

/* Begin PBXVariantGroup section */
		D3BDD1C52549D082008F11FB /* Main.storyboard */ = {
			isa = PBXVariantGroup;
			children = (
				D3BDD1C62549D082008F11FB /* Base */,
			);
			name = Main.storyboard;
			sourceTree = "<group>";
		};
		D3BDD1CA2549D086008F11FB /* LaunchScreen.storyboard */ = {
			isa = PBXVariantGroup;
			children = (
				D3BDD1CB2549D086008F11FB /* Base */,
			);
			name = LaunchScreen.storyboard;
			sourceTree = "<group>";
		};
/* End PBXVariantGroup section */

/* Begin XCBuildConfiguration section */
		D3BDD1E42549D086008F11FB /* Debug */ = {
			isa = XCBuildConfiguration;
			buildSettings = {
				ALWAYS_SEARCH_USER_PATHS = NO;
				CLANG_ANALYZER_NONNULL = YES;
				CLANG_ANALYZER_NUMBER_OBJECT_CONVERSION = YES_AGGRESSIVE;
				CLANG_CXX_LANGUAGE_STANDARD = "gnu++14";
				CLANG_CXX_LIBRARY = "libc++";
				CLANG_ENABLE_MODULES = YES;
				CLANG_ENABLE_OBJC_ARC = YES;
				CLANG_ENABLE_OBJC_WEAK = YES;
				CLANG_WARN_BLOCK_CAPTURE_AUTORELEASING = YES;
				CLANG_WARN_BOOL_CONVERSION = YES;
				CLANG_WARN_COMMA = YES;
				CLANG_WARN_CONSTANT_CONVERSION = YES;
				CLANG_WARN_DEPRECATED_OBJC_IMPLEMENTATIONS = YES;
				CLANG_WARN_DIRECT_OBJC_ISA_USAGE = YES_ERROR;
				CLANG_WARN_DOCUMENTATION_COMMENTS = YES;
				CLANG_WARN_EMPTY_BODY = YES;
				CLANG_WARN_ENUM_CONVERSION = YES;
				CLANG_WARN_INFINITE_RECURSION = YES;
				CLANG_WARN_INT_CONVERSION = YES;
				CLANG_WARN_NON_LITERAL_NULL_CONVERSION = YES;
				CLANG_WARN_OBJC_IMPLICIT_RETAIN_SELF = YES;
				CLANG_WARN_OBJC_LITERAL_CONVERSION = YES;
				CLANG_WARN_OBJC_ROOT_CLASS = YES_ERROR;
				CLANG_WARN_RANGE_LOOP_ANALYSIS = YES;
				CLANG_WARN_STRICT_PROTOTYPES = YES;
				CLANG_WARN_SUSPICIOUS_MOVE = YES;
				CLANG_WARN_UNGUARDED_AVAILABILITY = YES_AGGRESSIVE;
				CLANG_WARN_UNREACHABLE_CODE = YES;
				CLANG_WARN__DUPLICATE_METHOD_MATCH = YES;
				CODE_SIGN_IDENTITY = "iPhone Developer";
				COPY_PHASE_STRIP = NO;
				DEBUG_INFORMATION_FORMAT = dwarf;
				ENABLE_STRICT_OBJC_MSGSEND = YES;
				ENABLE_TESTABILITY = YES;
				GCC_C_LANGUAGE_STANDARD = gnu11;
				GCC_DYNAMIC_NO_PIC = NO;
				GCC_NO_COMMON_BLOCKS = YES;
				GCC_OPTIMIZATION_LEVEL = 0;
				GCC_PREPROCESSOR_DEFINITIONS = (
					"DEBUG=1",
					"$(inherited)",
				);
				GCC_WARN_64_TO_32_BIT_CONVERSION = YES;
				GCC_WARN_ABOUT_RETURN_TYPE = YES_ERROR;
				GCC_WARN_UNDECLARED_SELECTOR = YES;
				GCC_WARN_UNINITIALIZED_AUTOS = YES_AGGRESSIVE;
				GCC_WARN_UNUSED_FUNCTION = YES;
				GCC_WARN_UNUSED_VARIABLE = YES;
				IPHONEOS_DEPLOYMENT_TARGET = 12.4;
				MTL_ENABLE_DEBUG_INFO = INCLUDE_SOURCE;
				MTL_FAST_MATH = YES;
				ONLY_ACTIVE_ARCH = YES;
				SDKROOT = iphoneos;
				SWIFT_ACTIVE_COMPILATION_CONDITIONS = DEBUG;
				SWIFT_OPTIMIZATION_LEVEL = "-Onone";
			};
			name = Debug;
		};
		D3BDD1E52549D086008F11FB /* Release */ = {
			isa = XCBuildConfiguration;
			buildSettings = {
				ALWAYS_SEARCH_USER_PATHS = NO;
				CLANG_ANALYZER_NONNULL = YES;
				CLANG_ANALYZER_NUMBER_OBJECT_CONVERSION = YES_AGGRESSIVE;
				CLANG_CXX_LANGUAGE_STANDARD = "gnu++14";
				CLANG_CXX_LIBRARY = "libc++";
				CLANG_ENABLE_MODULES = YES;
				CLANG_ENABLE_OBJC_ARC = YES;
				CLANG_ENABLE_OBJC_WEAK = YES;
				CLANG_WARN_BLOCK_CAPTURE_AUTORELEASING = YES;
				CLANG_WARN_BOOL_CONVERSION = YES;
				CLANG_WARN_COMMA = YES;
				CLANG_WARN_CONSTANT_CONVERSION = YES;
				CLANG_WARN_DEPRECATED_OBJC_IMPLEMENTATIONS = YES;
				CLANG_WARN_DIRECT_OBJC_ISA_USAGE = YES_ERROR;
				CLANG_WARN_DOCUMENTATION_COMMENTS = YES;
				CLANG_WARN_EMPTY_BODY = YES;
				CLANG_WARN_ENUM_CONVERSION = YES;
				CLANG_WARN_INFINITE_RECURSION = YES;
				CLANG_WARN_INT_CONVERSION = YES;
				CLANG_WARN_NON_LITERAL_NULL_CONVERSION = YES;
				CLANG_WARN_OBJC_IMPLICIT_RETAIN_SELF = YES;
				CLANG_WARN_OBJC_LITERAL_CONVERSION = YES;
				CLANG_WARN_OBJC_ROOT_CLASS = YES_ERROR;
				CLANG_WARN_RANGE_LOOP_ANALYSIS = YES;
				CLANG_WARN_STRICT_PROTOTYPES = YES;
				CLANG_WARN_SUSPICIOUS_MOVE = YES;
				CLANG_WARN_UNGUARDED_AVAILABILITY = YES_AGGRESSIVE;
				CLANG_WARN_UNREACHABLE_CODE = YES;
				CLANG_WARN__DUPLICATE_METHOD_MATCH = YES;
				CODE_SIGN_IDENTITY = "iPhone Developer";
				COPY_PHASE_STRIP = NO;
				DEBUG_INFORMATION_FORMAT = "dwarf-with-dsym";
				ENABLE_NS_ASSERTIONS = NO;
				ENABLE_STRICT_OBJC_MSGSEND = YES;
				GCC_C_LANGUAGE_STANDARD = gnu11;
				GCC_NO_COMMON_BLOCKS = YES;
				GCC_WARN_64_TO_32_BIT_CONVERSION = YES;
				GCC_WARN_ABOUT_RETURN_TYPE = YES_ERROR;
				GCC_WARN_UNDECLARED_SELECTOR = YES;
				GCC_WARN_UNINITIALIZED_AUTOS = YES_AGGRESSIVE;
				GCC_WARN_UNUSED_FUNCTION = YES;
				GCC_WARN_UNUSED_VARIABLE = YES;
				IPHONEOS_DEPLOYMENT_TARGET = 12.4;
				MTL_ENABLE_DEBUG_INFO = NO;
				MTL_FAST_MATH = YES;
				SDKROOT = iphoneos;
				SWIFT_COMPILATION_MODE = wholemodule;
				SWIFT_OPTIMIZATION_LEVEL = "-O";
				VALIDATE_PRODUCT = YES;
			};
			name = Release;
		};
		D3BDD1E72549D086008F11FB /* Debug */ = {
			isa = XCBuildConfiguration;
			buildSettings = {
				ASSETCATALOG_COMPILER_APPICON_NAME = AppIcon;
				CODE_SIGN_STYLE = Automatic;
				INFOPLIST_FILE = "Pitch Perfect/Info.plist";
				LD_RUNPATH_SEARCH_PATHS = (
					"$(inherited)",
					"@executable_path/Frameworks",
				);
				PRODUCT_BUNDLE_IDENTIFIER = "Leela-Krishna-Chaitanya-Koravi.Pitch-Perfect";
				PRODUCT_NAME = "$(TARGET_NAME)";
				SWIFT_VERSION = 5.0;
				TARGETED_DEVICE_FAMILY = "1,2";
			};
			name = Debug;
		};
		D3BDD1E82549D086008F11FB /* Release */ = {
			isa = XCBuildConfiguration;
			buildSettings = {
				ASSETCATALOG_COMPILER_APPICON_NAME = AppIcon;
				CODE_SIGN_STYLE = Automatic;
				INFOPLIST_FILE = "Pitch Perfect/Info.plist";
				LD_RUNPATH_SEARCH_PATHS = (
					"$(inherited)",
					"@executable_path/Frameworks",
				);
				PRODUCT_BUNDLE_IDENTIFIER = "Leela-Krishna-Chaitanya-Koravi.Pitch-Perfect";
				PRODUCT_NAME = "$(TARGET_NAME)";
				SWIFT_VERSION = 5.0;
				TARGETED_DEVICE_FAMILY = "1,2";
			};
			name = Release;
		};
		D3BDD1EA2549D086008F11FB /* Debug */ = {
			isa = XCBuildConfiguration;
			buildSettings = {
				ALWAYS_EMBED_SWIFT_STANDARD_LIBRARIES = YES;
				BUNDLE_LOADER = "$(TEST_HOST)";
				CODE_SIGN_STYLE = Automatic;
				INFOPLIST_FILE = "Pitch PerfectTests/Info.plist";
				LD_RUNPATH_SEARCH_PATHS = (
					"$(inherited)",
					"@executable_path/Frameworks",
					"@loader_path/Frameworks",
				);
				PRODUCT_BUNDLE_IDENTIFIER = "Leela-Krishna-Chaitanya-Koravi.Pitch-PerfectTests";
				PRODUCT_NAME = "$(TARGET_NAME)";
				SWIFT_VERSION = 5.0;
				TARGETED_DEVICE_FAMILY = "1,2";
				TEST_HOST = "$(BUILT_PRODUCTS_DIR)/Pitch Perfect.app/Pitch Perfect";
			};
			name = Debug;
		};
		D3BDD1EB2549D086008F11FB /* Release */ = {
			isa = XCBuildConfiguration;
			buildSettings = {
				ALWAYS_EMBED_SWIFT_STANDARD_LIBRARIES = YES;
				BUNDLE_LOADER = "$(TEST_HOST)";
				CODE_SIGN_STYLE = Automatic;
				INFOPLIST_FILE = "Pitch PerfectTests/Info.plist";
				LD_RUNPATH_SEARCH_PATHS = (
					"$(inherited)",
					"@executable_path/Frameworks",
					"@loader_path/Frameworks",
				);
				PRODUCT_BUNDLE_IDENTIFIER = "Leela-Krishna-Chaitanya-Koravi.Pitch-PerfectTests";
				PRODUCT_NAME = "$(TARGET_NAME)";
				SWIFT_VERSION = 5.0;
				TARGETED_DEVICE_FAMILY = "1,2";
				TEST_HOST = "$(BUILT_PRODUCTS_DIR)/Pitch Perfect.app/Pitch Perfect";
			};
			name = Release;
		};
		D3BDD1ED2549D086008F11FB /* Debug */ = {
			isa = XCBuildConfiguration;
			buildSettings = {
				ALWAYS_EMBED_SWIFT_STANDARD_LIBRARIES = YES;
				CODE_SIGN_STYLE = Automatic;
				INFOPLIST_FILE = "Pitch PerfectUITests/Info.plist";
				LD_RUNPATH_SEARCH_PATHS = (
					"$(inherited)",
					"@executable_path/Frameworks",
					"@loader_path/Frameworks",
				);
				PRODUCT_BUNDLE_IDENTIFIER = "Leela-Krishna-Chaitanya-Koravi.Pitch-PerfectUITests";
				PRODUCT_NAME = "$(TARGET_NAME)";
				SWIFT_VERSION = 5.0;
				TARGETED_DEVICE_FAMILY = "1,2";
				TEST_TARGET_NAME = "Pitch Perfect";
			};
			name = Debug;
		};
		D3BDD1EE2549D086008F11FB /* Release */ = {
			isa = XCBuildConfiguration;
			buildSettings = {
				ALWAYS_EMBED_SWIFT_STANDARD_LIBRARIES = YES;
				CODE_SIGN_STYLE = Automatic;
				INFOPLIST_FILE = "Pitch PerfectUITests/Info.plist";
				LD_RUNPATH_SEARCH_PATHS = (
					"$(inherited)",
					"@executable_path/Frameworks",
					"@loader_path/Frameworks",
				);
				PRODUCT_BUNDLE_IDENTIFIER = "Leela-Krishna-Chaitanya-Koravi.Pitch-PerfectUITests";
				PRODUCT_NAME = "$(TARGET_NAME)";
				SWIFT_VERSION = 5.0;
				TARGETED_DEVICE_FAMILY = "1,2";
				TEST_TARGET_NAME = "Pitch Perfect";
			};
			name = Release;
		};
/* End XCBuildConfiguration section */

/* Begin XCConfigurationList section */
		D3BDD1B92549D082008F11FB /* Build configuration list for PBXProject "Pitch Perfect" */ = {
			isa = XCConfigurationList;
			buildConfigurations = (
				D3BDD1E42549D086008F11FB /* Debug */,
				D3BDD1E52549D086008F11FB /* Release */,
			);
			defaultConfigurationIsVisible = 0;
			defaultConfigurationName = Release;
		};
		D3BDD1E62549D086008F11FB /* Build configuration list for PBXNativeTarget "Pitch Perfect" */ = {
			isa = XCConfigurationList;
			buildConfigurations = (
				D3BDD1E72549D086008F11FB /* Debug */,
				D3BDD1E82549D086008F11FB /* Release */,
			);
			defaultConfigurationIsVisible = 0;
			defaultConfigurationName = Release;
		};
		D3BDD1E92549D086008F11FB /* Build configuration list for PBXNativeTarget "Pitch PerfectTests" */ = {
			isa = XCConfigurationList;
			buildConfigurations = (
				D3BDD1EA2549D086008F11FB /* Debug */,
				D3BDD1EB2549D086008F11FB /* Release */,
			);
			defaultConfigurationIsVisible = 0;
			defaultConfigurationName = Release;
		};
		D3BDD1EC2549D086008F11FB /* Build configuration list for PBXNativeTarget "Pitch PerfectUITests" */ = {
			isa = XCConfigurationList;
			buildConfigurations = (
				D3BDD1ED2549D086008F11FB /* Debug */,
				D3BDD1EE2549D086008F11FB /* Release */,
			);
			defaultConfigurationIsVisible = 0;
			defaultConfigurationName = Release;
		};
/* End XCConfigurationList section */
	};
	rootObject = D3BDD1B62549D082008F11FB /* Project object */;
}
